
Microsoft Visual Studio Solution File, Format Version 12.00
# Visual Studio Version 17
VisualStudioVersion = 17.3.32825.248
MinimumVisualStudioVersion = 10.0.40219.1
Project("{FAE04EC0-301F-11D3-BF4B-00C04F79EFBC}") = "SeleniumWebDriverWait", "SeleniumWebDriverWait\SeleniumWebDriverWait.csproj", "{F9A3A635-2ACD-4A37-A322-B29B54B0557C}"
EndProject
Global
	GlobalSection(SolutionConfigurationPlatforms) = preSolution
		Debug|Any CPU = Debug|Any CPU
		Release|Any CPU = Release|Any CPU
	EndGlobalSection
	GlobalSection(ProjectConfigurationPlatforms) = postSolution
		{F9A3A635-2ACD-4A37-A322-B29B54B0557C}.Debug|Any CPU.ActiveCfg = Debug|Any CPU
		{F9A3A635-2ACD-4A37-A322-B29B54B0557C}.Debug|Any CPU.Build.0 = Debug|Any CPU
		{F9A3A635-2ACD-4A37-A322-B29B54B0557C}.Release|Any CPU.ActiveCfg = Release|Any CPU
		{F9A3A635-2ACD-4A37-A322-B29B54B0557C}.Release|Any CPU.Build.0 = Release|Any CPU
	EndGlobalSection
	GlobalSection(SolutionProperties) = preSolution
		HideSolutionNode = FALSE
	EndGlobalSection
	GlobalSection(ExtensibilityGlobals) = postSolution
		SolutionGuid = {5A0DA70D-C8C5-4650-B07F-613E1E8029CA}
	EndGlobalSection
EndGlobal
